
Microsoft Visual Studio Solution File, Format Version 12.00
# Visual Studio 15
VisualStudioVersion = 15.0.28307.106
MinimumVisualStudioVersion = 10.0.40219.1
Project("{FAE04EC0-301F-11D3-BF4B-00C04F79EFBC}") = "GettingReal_3", "GettingReal_3\GettingReal_3.csproj", "{971BA609-F43C-43C4-A6A4-A6E438E8DF0E}"
EndProject
Project("{2150E333-8FDC-42A3-9474-1A3956D46DE8}") = "UI", "UI", "{7B4BBAE1-9E57-48B7-A964-C8A965219C0A}"
EndProject
Project("{2150E333-8FDC-42A3-9474-1A3956D46DE8}") = "Application", "Application", "{6ECADCE4-7C45-4957-B426-EDE7199054BC}"
EndProject
Project("{2150E333-8FDC-42A3-9474-1A3956D46DE8}") = "Domain", "Domain", "{F04E54B0-3B81-4E0C-929D-DF70135D9325}"
EndProject
Global
	GlobalSection(SolutionConfigurationPlatforms) = preSolution
		Debug|Any CPU = Debug|Any CPU
		Release|Any CPU = Release|Any CPU
	EndGlobalSection
	GlobalSection(ProjectConfigurationPlatforms) = postSolution
		{971BA609-F43C-43C4-A6A4-A6E438E8DF0E}.Debug|Any CPU.ActiveCfg = Debug|Any CPU
		{971BA609-F43C-43C4-A6A4-A6E438E8DF0E}.Debug|Any CPU.Build.0 = Debug|Any CPU
		{971BA609-F43C-43C4-A6A4-A6E438E8DF0E}.Release|Any CPU.ActiveCfg = Release|Any CPU
		{971BA609-F43C-43C4-A6A4-A6E438E8DF0E}.Release|Any CPU.Build.0 = Release|Any CPU
	EndGlobalSection
	GlobalSection(SolutionProperties) = preSolution
		HideSolutionNode = FALSE
	EndGlobalSection
	GlobalSection(ExtensibilityGlobals) = postSolution
		SolutionGuid = {3403C5DF-7E88-40D6-A3F9-86F726C6DD60}
	EndGlobalSection
EndGlobal
